// !$*UTF8*$!
{
	archiveVersion = 1;
	classes = {
	};
	objectVersion = 50;
	objects = {

/* Begin PBXBuildFile section */
		FE60BCC2226D71D1009FE5CC /* AppDelegate.m in Sources */ = {isa = PBXBuildFile; fileRef = FE60BCC1226D71D1009FE5CC /* AppDelegate.m */; };
		FE60BCC5226D71D1009FE5CC /* ViewController.m in Sources */ = {isa = PBXBuildFile; fileRef = FE60BCC4226D71D1009FE5CC /* ViewController.m */; };
		FE60BCC8226D71D1009FE5CC /* Main.storyboard in Resources */ = {isa = PBXBuildFile; fileRef = FE60BCC6226D71D1009FE5CC /* Main.storyboard */; };
		FE60BCCA226D71D2009FE5CC /* Assets.xcassets in Resources */ = {isa = PBXBuildFile; fileRef = FE60BCC9226D71D2009FE5CC /* Assets.xcassets */; };
		FE60BCCD226D71D2009FE5CC /* LaunchScreen.storyboard in Resources */ = {isa = PBXBuildFile; fileRef = FE60BCCB226D71D2009FE5CC /* LaunchScreen.storyboard */; };
		FE60BCD0226D71D2009FE5CC /* main.m in Sources */ = {isa = PBXBuildFile; fileRef = FE60BCCF226D71D2009FE5CC /* main.m */; };
/* End PBXBuildFile section */

/* Begin PBXFileReference section */
		FE60BCBD226D71D1009FE5CC /* AVCaptureSession.app */ = {isa = PBXFileReference; explicitFileType = wrapper.application; includeInIndex = 0; path = AVCaptureSession.app; sourceTree = BUILT_PRODUCTS_DIR; };
		FE60BCC0226D71D1009FE5CC /* AppDelegate.h */ = {isa = PBXFileReference; lastKnownFileType = sourcecode.c.h; path = AppDelegate.h; sourceTree = "<group>"; };
		FE60BCC1226D71D1009FE5CC /* AppDelegate.m */ = {isa = PBXFileReference; lastKnownFileType = sourcecode.c.objc; path = AppDelegate.m; sourceTree = "<group>"; };
		FE60BCC3226D71D1009FE5CC /* ViewController.h */ = {isa = PBXFileReference; lastKnownFileType = sourcecode.c.h; path = ViewController.h; sourceTree = "<group>"; };
		FE60BCC4226D71D1009FE5CC /* ViewController.m */ = {isa = PBXFileReference; lastKnownFileType = sourcecode.c.objc; path = ViewController.m; sourceTree = "<group>"; };
		FE60BCC7226D71D1009FE5CC /* Base */ = {isa = PBXFileReference; lastKnownFileType = file.storyboard; name = Base; path = Base.lproj/Main.storyboard; sourceTree = "<group>"; };
		FE60BCC9226D71D2009FE5CC /* Assets.xcassets */ = {isa = PBXFileReference; lastKnownFileType = folder.assetcatalog; path = Assets.xcassets; sourceTree = "<group>"; };
		FE60BCCC226D71D2009FE5CC /* Base */ = {isa = PBXFileReference; lastKnownFileType = file.storyboard; name = Base; path = Base.lproj/LaunchScreen.storyboard; sourceTree = "<group>"; };
		FE60BCCE226D71D2009FE5CC /* Info.plist */ = {isa = PBXFileReference; lastKnownFileType = text.plist.xml; path = Info.plist; sourceTree = "<group>"; };
		FE60BCCF226D71D2009FE5CC /* main.m */ = {isa = PBXFileReference; lastKnownFileType = sourcecode.c.objc; path = main.m; sourceTree = "<group>"; };
/* End PBXFileReference section */

/* Begin PBXFrameworksBuildPhase section */
		FE60BCBA226D71D1009FE5CC /* Frameworks */ = {
			isa = PBXFrameworksBuildPhase;
			buildActionMask = 2147483647;
			files = (
			);
			runOnlyForDeploymentPostprocessing = 0;
		};
/* End PBXFrameworksBuildPhase section */

/* Begin PBXGroup section */
		FE60BCB4226D71D1009FE5CC = {
			isa = PBXGroup;
			children = (
				FE60BCBF226D71D1009FE5CC /* AVCaptureSession */,
				FE60BCBE226D71D1009FE5CC /* Products */,
			);
			sourceTree = "<group>";
		};
		FE60BCBE226D71D1009FE5CC /* Products */ = {
			isa = PBXGroup;
			children = (
				FE60BCBD226D71D1009FE5CC /* AVCaptureSession.app */,
			);
			name = Products;
			sourceTree = "<group>";
		};
		FE60BCBF226D71D1009FE5CC /* AVCaptureSession */ = {
			isa = PBXGroup;
			children = (
				FE60BCC0226D71D1009FE5CC /* AppDelegate.h */,
				FE60BCC1226D71D1009FE5CC /* AppDelegate.m */,
				FE60BCC3226D71D1009FE5CC /* ViewController.h */,
				FE60BCC4226D71D1009FE5CC /* ViewController.m */,
				FE60BCC6226D71D1009FE5CC /* Main.storyboard */,
				FE60BCC9226D71D2009FE5CC /* Assets.xcassets */,
				FE60BCCB226D71D2009FE5CC /* LaunchScreen.storyboard */,
				FE60BCCE226D71D2009FE5CC /* Info.plist */,
				FE60BCCF226D71D2009FE5CC /* main.m */,
			);
			path = AVCaptureSession;
			sourceTree = "<group>";
		};
/* End PBXGroup section */

/* Begin PBXNativeTarget section */
		FE60BCBC226D71D1009FE5CC /* AVCaptureSession */ = {
			isa = PBXNativeTarget;
			buildConfigurationList = FE60BCD3226D71D2009FE5CC /* Build configuration list for PBXNativeTarget "AVCaptureSession" */;
			buildPhases = (
				FE60BCB9226D71D1009FE5CC /* Sources */,
				FE60BCBA226D71D1009FE5CC /* Frameworks */,
				FE60BCBB226D71D1009FE5CC /* Resources */,
			);
			buildRules = (
			);
			dependencies = (
			);
			name = AVCaptureSession;
			productName = AVCaptureSession;
			productReference = FE60BCBD226D71D1009FE5CC /* AVCaptureSession.app */;
			productType = "com.apple.product-type.application";
		};
/* End PBXNativeTarget section */

/* Begin PBXProject section */
		FE60BCB5226D71D1009FE5CC /* Project object */ = {
			isa = PBXProject;
			attributes = {
				LastUpgradeCheck = 1010;
				ORGANIZATIONNAME = bairuitech;
				TargetAttributes = {
					FE60BCBC226D71D1009FE5CC = {
						CreatedOnToolsVersion = 10.1;
					};
				};
			};
			buildConfigurationList = FE60BCB8226D71D1009FE5CC /* Build configuration list for PBXProject "AVCaptureSession" */;
			compatibilityVersion = "Xcode 9.3";
			developmentRegion = en;
			hasScannedForEncodings = 0;
			knownRegions = (
				en,
				Base,
			);
			mainGroup = FE60BCB4226D71D1009FE5CC;
			productRefGroup = FE60BCBE226D71D1009FE5CC /* Products */;
			projectDirPath = "";
			projectRoot = "";
			targets = (
				FE60BCBC226D71D1009FE5CC /* AVCaptureSession */,
			);
		};
/* End PBXProject section */

/* Begin PBXResourcesBuildPhase section */
		FE60BCBB226D71D1009FE5CC /* Resources */ = {
			isa = PBXResourcesBuildPhase;
			buildActionMask = 2147483647;
			files = (
				FE60BCCD226D71D2009FE5CC /* LaunchScreen.storyboard in Resources */,
				FE60BCCA226D71D2009FE5CC /* Assets.xcassets in Resources */,
				FE60BCC8226D71D1009FE5CC /* Main.storyboard in Resources */,
			);
			runOnlyForDeploymentPostprocessing = 0;
		};
/* End PBXResourcesBuildPhase section */

/* Begin PBXSourcesBuildPhase section */
		FE60BCB9226D71D1009FE5CC /* Sources */ = {
			isa = PBXSourcesBuildPhase;
			buildActionMask = 2147483647;
			files = (
				FE60BCC5226D71D1009FE5CC /* ViewController.m in Sources */,
				FE60BCD0226D71D2009FE5CC /* main.m in Sources */,
				FE60BCC2226D71D1009FE5CC /* AppDelegate.m in Sources */,
			);
			runOnlyForDeploymentPostprocessing = 0;
		};
/* End PBXSourcesBuildPhase section */

/* Begin PBXVariantGroup section */
		FE60BCC6226D71D1009FE5CC /* Main.storyboard */ = {
			isa = PBXVariantGroup;
			children = (
				FE60BCC7226D71D1009FE5CC /* Base */,
			);
			name = Main.storyboard;
			sourceTree = "<group>";
		};
		FE60BCCB226D71D2009FE5CC /* LaunchScreen.storyboard */ = {
			isa = PBXVariantGroup;
			children = (
				FE60BCCC226D71D2009FE5CC /* Base */,
			);
			name = LaunchScreen.storyboard;
			sourceTree = "<group>";
		};
/* End PBXVariantGroup section */

/* Begin XCBuildConfiguration section */
		FE60BCD1226D71D2009FE5CC /* Debug */ = {
			isa = XCBuildConfiguration;
			buildSettings = {
				ALWAYS_SEARCH_USER_PATHS = NO;
				CLANG_ANALYZER_NONNULL = YES;
				CLANG_ANALYZER_NUMBER_OBJECT_CONVERSION = YES_AGGRESSIVE;
				CLANG_CXX_LANGUAGE_STANDARD = "gnu++14";
				CLANG_CXX_LIBRARY = "libc++";
				CLANG_ENABLE_MODULES = YES;
				CLANG_ENABLE_OBJC_ARC = YES;
				CLANG_ENABLE_OBJC_WEAK = YES;
				CLANG_WARN_BLOCK_CAPTURE_AUTORELEASING = YES;
				CLANG_WARN_BOOL_CONVERSION = YES;
				CLANG_WARN_COMMA = YES;
				CLANG_WARN_CONSTANT_CONVERSION = YES;
				CLANG_WARN_DEPRECATED_OBJC_IMPLEMENTATIONS = YES;
				CLANG_WARN_DIRECT_OBJC_ISA_USAGE = YES_ERROR;
				CLANG_WARN_DOCUMENTATION_COMMENTS = YES;
				CLANG_WARN_EMPTY_BODY = YES;
				CLANG_WARN_ENUM_CONVERSION = YES;
				CLANG_WARN_INFINITE_RECURSION = YES;
				CLANG_WARN_INT_CONVERSION = YES;
				CLANG_WARN_NON_LITERAL_NULL_CONVERSION = YES;
				CLANG_WARN_OBJC_IMPLICIT_RETAIN_SELF = YES;
				CLANG_WARN_OBJC_LITERAL_CONVERSION = YES;
				CLANG_WARN_OBJC_ROOT_CLASS = YES_ERROR;
				CLANG_WARN_RANGE_LOOP_ANALYSIS = YES;
				CLANG_WARN_STRICT_PROTOTYPES = YES;
				CLANG_WARN_SUSPICIOUS_MOVE = YES;
				CLANG_WARN_UNGUARDED_AVAILABILITY = YES_AGGRESSIVE;
				CLANG_WARN_UNREACHABLE_CODE = YES;
				CLANG_WARN__DUPLICATE_METHOD_MATCH = YES;
				CODE_SIGN_IDENTITY = "iPhone Developer";
				COPY_PHASE_STRIP = NO;
				DEBUG_INFORMATION_FORMAT = dwarf;
				ENABLE_STRICT_OBJC_MSGSEND = YES;
				ENABLE_TESTABILITY = YES;
				GCC_C_LANGUAGE_STANDARD = gnu11;
				GCC_DYNAMIC_NO_PIC = NO;
				GCC_NO_COMMON_BLOCKS = YES;
				GCC_OPTIMIZATION_LEVEL = 0;
				GCC_PREPROCESSOR_DEFINITIONS = (
					"DEBUG=1",
					"$(inherited)",
				);
				GCC_WARN_64_TO_32_BIT_CONVERSION = YES;
				GCC_WARN_ABOUT_RETURN_TYPE = YES_ERROR;
				GCC_WARN_UNDECLARED_SELECTOR = YES;
				GCC_WARN_UNINITIALIZED_AUTOS = YES_AGGRESSIVE;
				GCC_WARN_UNUSED_FUNCTION = YES;
				GCC_WARN_UNUSED_VARIABLE = YES;
				IPHONEOS_DEPLOYMENT_TARGET = 12.1;
				MTL_ENABLE_DEBUG_INFO = INCLUDE_SOURCE;
				MTL_FAST_MATH = YES;
				ONLY_ACTIVE_ARCH = YES;
				SDKROOT = iphoneos;
			};
			name = Debug;
		};
		FE60BCD2226D71D2009FE5CC /* Release */ = {
			isa = XCBuildConfiguration;
			buildSettings = {
				ALWAYS_SEARCH_USER_PATHS = NO;
				CLANG_ANALYZER_NONNULL = YES;
				CLANG_ANALYZER_NUMBER_OBJECT_CONVERSION = YES_AGGRESSIVE;
				CLANG_CXX_LANGUAGE_STANDARD = "gnu++14";
				CLANG_CXX_LIBRARY = "libc++";
				CLANG_ENABLE_MODULES = YES;
				CLANG_ENABLE_OBJC_ARC = YES;
				CLANG_ENABLE_OBJC_WEAK = YES;
				CLANG_WARN_BLOCK_CAPTURE_AUTORELEASING = YES;
				CLANG_WARN_BOOL_CONVERSION = YES;
				CLANG_WARN_COMMA = YES;
				CLANG_WARN_CONSTANT_CONVERSION = YES;
				CLANG_WARN_DEPRECATED_OBJC_IMPLEMENTATIONS = YES;
				CLANG_WARN_DIRECT_OBJC_ISA_USAGE = YES_ERROR;
				CLANG_WARN_DOCUMENTATION_COMMENTS = YES;
				CLANG_WARN_EMPTY_BODY = YES;
				CLANG_WARN_ENUM_CONVERSION = YES;
				CLANG_WARN_INFINITE_RECURSION = YES;
				CLANG_WARN_INT_CONVERSION = YES;
				CLANG_WARN_NON_LITERAL_NULL_CONVERSION = YES;
				CLANG_WARN_OBJC_IMPLICIT_RETAIN_SELF = YES;
				CLANG_WARN_OBJC_LITERAL_CONVERSION = YES;
				CLANG_WARN_OBJC_ROOT_CLASS = YES_ERROR;
				CLANG_WARN_RANGE_LOOP_ANALYSIS = YES;
				CLANG_WARN_STRICT_PROTOTYPES = YES;
				CLANG_WARN_SUSPICIOUS_MOVE = YES;
				CLANG_WARN_UNGUARDED_AVAILABILITY = YES_AGGRESSIVE;
				CLANG_WARN_UNREACHABLE_CODE = YES;
				CLANG_WARN__DUPLICATE_METHOD_MATCH = YES;
				CODE_SIGN_IDENTITY = "iPhone Developer";
				COPY_PHASE_STRIP = NO;
				DEBUG_INFORMATION_FORMAT = "dwarf-with-dsym";
				ENABLE_NS_ASSERTIONS = NO;
				ENABLE_STRICT_OBJC_MSGSEND = YES;
				GCC_C_LANGUAGE_STANDARD = gnu11;
				GCC_NO_COMMON_BLOCKS = YES;
				GCC_WARN_64_TO_32_BIT_CONVERSION = YES;
				GCC_WARN_ABOUT_RETURN_TYPE = YES_ERROR;
				GCC_WARN_UNDECLARED_SELECTOR = YES;
				GCC_WARN_UNINITIALIZED_AUTOS = YES_AGGRESSIVE;
				GCC_WARN_UNUSED_FUNCTION = YES;
				GCC_WARN_UNUSED_VARIABLE = YES;
				IPHONEOS_DEPLOYMENT_TARGET = 12.1;
				MTL_ENABLE_DEBUG_INFO = NO;
				MTL_FAST_MATH = YES;
				SDKROOT = iphoneos;
				VALIDATE_PRODUCT = YES;
			};
			name = Release;
		};
		FE60BCD4226D71D2009FE5CC /* Debug */ = {
			isa = XCBuildConfiguration;
			buildSettings = {
				ASSETCATALOG_COMPILER_APPICON_NAME = AppIcon;
				CODE_SIGN_STYLE = Automatic;
				DEVELOPMENT_TEAM = 6TZ958XNMU;
				INFOPLIST_FILE = AVCaptureSession/Info.plist;
				IPHONEOS_DEPLOYMENT_TARGET = 8.0;
				LD_RUNPATH_SEARCH_PATHS = (
					"$(inherited)",
					"@executable_path/Frameworks",
				);
				PRODUCT_BUNDLE_IDENTIFIER = com.anychat.123;
				PRODUCT_NAME = "$(TARGET_NAME)";
				TARGETED_DEVICE_FAMILY = "1,2";
			};
			name = Debug;
		};
		FE60BCD5226D71D2009FE5CC /* Release */ = {
			isa = XCBuildConfiguration;
			buildSettings = {
				ASSETCATALOG_COMPILER_APPICON_NAME = AppIcon;
				CODE_SIGN_STYLE = Automatic;
				DEVELOPMENT_TEAM = 6TZ958XNMU;
				INFOPLIST_FILE = AVCaptureSession/Info.plist;
				IPHONEOS_DEPLOYMENT_TARGET = 8.0;
				LD_RUNPATH_SEARCH_PATHS = (
					"$(inherited)",
					"@executable_path/Frameworks",
				);
				PRODUCT_BUNDLE_IDENTIFIER = com.anychat.123;
				PRODUCT_NAME = "$(TARGET_NAME)";
				TARGETED_DEVICE_FAMILY = "1,2";
			};
			name = Release;
		};
/* End XCBuildConfiguration section */

/* Begin XCConfigurationList section */
		FE60BCB8226D71D1009FE5CC /* Build configuration list for PBXProject "AVCaptureSession" */ = {
			isa = XCConfigurationList;
			buildConfigurations = (
				FE60BCD1226D71D2009FE5CC /* Debug */,
				FE60BCD2226D71D2009FE5CC /* Release */,
			);
			defaultConfigurationIsVisible = 0;
			defaultConfigurationName = Release;
		};
		FE60BCD3226D71D2009FE5CC /* Build configuration list for PBXNativeTarget "AVCaptureSession" */ = {
			isa = XCConfigurationList;
			buildConfigurations = (
				FE60BCD4226D71D2009FE5CC /* Debug */,
				FE60BCD5226D71D2009FE5CC /* Release */,
			);
			defaultConfigurationIsVisible = 0;
			defaultConfigurationName = Release;
		};
/* End XCConfigurationList section */
	};
	rootObject = FE60BCB5226D71D1009FE5CC /* Project object */;
}
